
Microsoft Visual Studio Solution File, Format Version 12.00
# Visual Studio 15
VisualStudioVersion = 15.0.28010.2003
MinimumVisualStudioVersion = 10.0.40219.1
Project("{FAE04EC0-301F-11D3-BF4B-00C04F79EFBC}") = "Hl.dotNet.Web", "Hl.dotNet.Web\Hl.dotNet.Web.csproj", "{2F8E13FF-DB0C-4EE9-A57A-B14C28C6AE23}"
EndProject
Project("{2150E333-8FDC-42A3-9474-1A3956D46DE8}") = "Hl.dotNet.UI", "Hl.dotNet.UI", "{A253F9D3-34D8-4F62-9617-C03C9C60438E}"
EndProject
Global
	GlobalSection(SolutionConfigurationPlatforms) = preSolution
		Debug|Any CPU = Debug|Any CPU
		Release|Any CPU = Release|Any CPU
	EndGlobalSection
	GlobalSection(ProjectConfigurationPlatforms) = postSolution
		{2F8E13FF-DB0C-4EE9-A57A-B14C28C6AE23}.Debug|Any CPU.ActiveCfg = Debug|Any CPU
		{2F8E13FF-DB0C-4EE9-A57A-B14C28C6AE23}.Debug|Any CPU.Build.0 = Debug|Any CPU
		{2F8E13FF-DB0C-4EE9-A57A-B14C28C6AE23}.Release|Any CPU.ActiveCfg = Release|Any CPU
		{2F8E13FF-DB0C-4EE9-A57A-B14C28C6AE23}.Release|Any CPU.Build.0 = Release|Any CPU
	EndGlobalSection
	GlobalSection(SolutionProperties) = preSolution
		HideSolutionNode = FALSE
	EndGlobalSection
	GlobalSection(NestedProjects) = preSolution
		{2F8E13FF-DB0C-4EE9-A57A-B14C28C6AE23} = {A253F9D3-34D8-4F62-9617-C03C9C60438E}
	EndGlobalSection
	GlobalSection(ExtensibilityGlobals) = postSolution
		SolutionGuid = {F6D22913-3F63-43FC-97FB-C758C32843B9}
	EndGlobalSection
EndGlobal
